
Microsoft Visual Studio Solution File, Format Version 12.00
# Visual Studio Version 17
VisualStudioVersion = 17.8.34511.84
MinimumVisualStudioVersion = 10.0.40219.1
Project("{FAE04EC0-301F-11D3-BF4B-00C04F79EFBC}") = "SalesWebMvc", "SalesWebMvc\SalesWebMvc.csproj", "{C5DD080D-1C31-43F8-A4DC-7CEE0F740776}"
EndProject
Global
	GlobalSection(SolutionConfigurationPlatforms) = preSolution
		Debug|Any CPU = Debug|Any CPU
		Release|Any CPU = Release|Any CPU
	EndGlobalSection
	GlobalSection(ProjectConfigurationPlatforms) = postSolution
		{C5DD080D-1C31-43F8-A4DC-7CEE0F740776}.Debug|Any CPU.ActiveCfg = Debug|Any CPU
		{C5DD080D-1C31-43F8-A4DC-7CEE0F740776}.Debug|Any CPU.Build.0 = Debug|Any CPU
		{C5DD080D-1C31-43F8-A4DC-7CEE0F740776}.Release|Any CPU.ActiveCfg = Release|Any CPU
		{C5DD080D-1C31-43F8-A4DC-7CEE0F740776}.Release|Any CPU.Build.0 = Release|Any CPU
	EndGlobalSection
	GlobalSection(SolutionProperties) = preSolution
		HideSolutionNode = FALSE
	EndGlobalSection
	GlobalSection(ExtensibilityGlobals) = postSolution
		SolutionGuid = {C42882ED-70F0-4392-888A-1D15F55D039C}
	EndGlobalSection
EndGlobal
